// !$*UTF8*$!
{
	archiveVersion = 1;
	classes = {
	};
	objectVersion = 46;
	objects = {

/* Begin PBXBuildFile section */
		CB16B7401868B8A300CBC4F6 /* cat.png in Resources */ = {isa = PBXBuildFile; fileRef = CB16B73E1868B8A300CBC4F6 /* cat.png */; };
		CB16B7411868B8A300CBC4F6 /* cat@2x.png in Resources */ = {isa = PBXBuildFile; fileRef = CB16B73F1868B8A300CBC4F6 /* cat@2x.png */; };
		CB16B7441868BB0C00CBC4F6 /* cat2@2x.png in Resources */ = {isa = PBXBuildFile; fileRef = CB16B7421868BB0C00CBC4F6 /* cat2@2x.png */; };
		CB16B7451868BB0C00CBC4F6 /* cat2.png in Resources */ = {isa = PBXBuildFile; fileRef = CB16B7431868BB0C00CBC4F6 /* cat2.png */; };
		CB2A9832185793C8009485CA /* AlertViewController.m in Sources */ = {isa = PBXBuildFile; fileRef = CB2A9831185793C8009485CA /* AlertViewController.m */; };
		CB2A983418579522009485CA /* QuartzCore.framework in Frameworks */ = {isa = PBXBuildFile; fileRef = CB2A983318579522009485CA /* QuartzCore.framework */; };
		CB2C529B182FC298009D63C1 /* Foundation.framework in Frameworks */ = {isa = PBXBuildFile; fileRef = CB2C529A182FC298009D63C1 /* Foundation.framework */; };
		CB2C529D182FC298009D63C1 /* CoreGraphics.framework in Frameworks */ = {isa = PBXBuildFile; fileRef = CB2C529C182FC298009D63C1 /* CoreGraphics.framework */; };
		CB2C529F182FC298009D63C1 /* UIKit.framework in Frameworks */ = {isa = PBXBuildFile; fileRef = CB2C529E182FC298009D63C1 /* UIKit.framework */; };
		CB2C52A5182FC298009D63C1 /* InfoPlist.strings in Resources */ = {isa = PBXBuildFile; fileRef = CB2C52A3182FC298009D63C1 /* InfoPlist.strings */; };
		CB2C52A7182FC298009D63C1 /* main.m in Sources */ = {isa = PBXBuildFile; fileRef = CB2C52A6182FC298009D63C1 /* main.m */; };
		CB2C52AB182FC298009D63C1 /* AppDelegate.m in Sources */ = {isa = PBXBuildFile; fileRef = CB2C52AA182FC298009D63C1 /* AppDelegate.m */; };
		CB2C52AE182FC298009D63C1 /* Main.storyboard in Resources */ = {isa = PBXBuildFile; fileRef = CB2C52AC182FC298009D63C1 /* Main.storyboard */; };
		CB2C52B3182FC298009D63C1 /* Images.xcassets in Resources */ = {isa = PBXBuildFile; fileRef = CB2C52B2182FC298009D63C1 /* Images.xcassets */; };
		CB2C52BA182FC298009D63C1 /* XCTest.framework in Frameworks */ = {isa = PBXBuildFile; fileRef = CB2C52B9182FC298009D63C1 /* XCTest.framework */; };
		CB2C52BB182FC298009D63C1 /* Foundation.framework in Frameworks */ = {isa = PBXBuildFile; fileRef = CB2C529A182FC298009D63C1 /* Foundation.framework */; };
		CB2C52BC182FC298009D63C1 /* UIKit.framework in Frameworks */ = {isa = PBXBuildFile; fileRef = CB2C529E182FC298009D63C1 /* UIKit.framework */; };
		CB2C52C4182FC298009D63C1 /* InfoPlist.strings in Resources */ = {isa = PBXBuildFile; fileRef = CB2C52C2182FC298009D63C1 /* InfoPlist.strings */; };
		CB2C52C6182FC298009D63C1 /* FCOverlayViewControllerTests.m in Sources */ = {isa = PBXBuildFile; fileRef = CB2C52C5182FC298009D63C1 /* FCOverlayViewControllerTests.m */; };
		CB2C52D4182FC386009D63C1 /* ExampleViewController.m in Sources */ = {isa = PBXBuildFile; fileRef = CB2C52D3182FC386009D63C1 /* ExampleViewController.m */; };
		CB2C52D7182FC45B009D63C1 /* BaseViewController.m in Sources */ = {isa = PBXBuildFile; fileRef = CB2C52D6182FC45B009D63C1 /* BaseViewController.m */; };
		CB3CC79E184FEC0A00C6CAF2 /* FCOverlay.m in Sources */ = {isa = PBXBuildFile; fileRef = CB3CC79D184FEC0A00C6CAF2 /* FCOverlay.m */; };
		CB67DEFF184FDB8600512CC8 /* FCOverlayViewController.m in Sources */ = {isa = PBXBuildFile; fileRef = CB67DEFE184FDB8600512CC8 /* FCOverlayViewController.m */; };
		CB80D72319DB0CCB00C9F3A0 /* TestTextInputViewController.m in Sources */ = {isa = PBXBuildFile; fileRef = CB80D72219DB0CCB00C9F3A0 /* TestTextInputViewController.m */; };
		CBBB29241858ACDD00AAF200 /* todo in Resources */ = {isa = PBXBuildFile; fileRef = CBBB29231858ACDD00AAF200 /* todo */; };
		CBBB29271858B16200AAF200 /* ExampleTransitioningDelegate.m in Sources */ = {isa = PBXBuildFile; fileRef = CBBB29261858B16200AAF200 /* ExampleTransitioningDelegate.m */; };
		CBBB292A1858B1CD00AAF200 /* ExampleTransitioning.m in Sources */ = {isa = PBXBuildFile; fileRef = CBBB29291858B1CD00AAF200 /* ExampleTransitioning.m */; };
/* End PBXBuildFile section */

/* Begin PBXContainerItemProxy section */
		CB2C52BD182FC298009D63C1 /* PBXContainerItemProxy */ = {
			isa = PBXContainerItemProxy;
			containerPortal = CB2C528F182FC297009D63C1 /* Project object */;
			proxyType = 1;
			remoteGlobalIDString = CB2C5296182FC298009D63C1;
			remoteInfo = FCOverlayViewController;
		};
/* End PBXContainerItemProxy section */

/* Begin PBXFileReference section */
		CB16B73E1868B8A300CBC4F6 /* cat.png */ = {isa = PBXFileReference; lastKnownFileType = image.png; path = cat.png; sourceTree = "<group>"; };
		CB16B73F1868B8A300CBC4F6 /* cat@2x.png */ = {isa = PBXFileReference; lastKnownFileType = image.png; path = "cat@2x.png"; sourceTree = "<group>"; };
		CB16B7421868BB0C00CBC4F6 /* cat2@2x.png */ = {isa = PBXFileReference; lastKnownFileType = image.png; path = "cat2@2x.png"; sourceTree = "<group>"; };
		CB16B7431868BB0C00CBC4F6 /* cat2.png */ = {isa = PBXFileReference; lastKnownFileType = image.png; path = cat2.png; sourceTree = "<group>"; };
		CB2A9830185793C8009485CA /* AlertViewController.h */ = {isa = PBXFileReference; fileEncoding = 4; lastKnownFileType = sourcecode.c.h; path = AlertViewController.h; sourceTree = "<group>"; };
		CB2A9831185793C8009485CA /* AlertViewController.m */ = {isa = PBXFileReference; fileEncoding = 4; lastKnownFileType = sourcecode.c.objc; path = AlertViewController.m; sourceTree = "<group>"; };
		CB2A983318579522009485CA /* QuartzCore.framework */ = {isa = PBXFileReference; lastKnownFileType = wrapper.framework; name = QuartzCore.framework; path = System/Library/Frameworks/QuartzCore.framework; sourceTree = SDKROOT; };
		CB2C5297182FC298009D63C1 /* FCOverlayViewController.app */ = {isa = PBXFileReference; explicitFileType = wrapper.application; includeInIndex = 0; path = FCOverlayViewController.app; sourceTree = BUILT_PRODUCTS_DIR; };
		CB2C529A182FC298009D63C1 /* Foundation.framework */ = {isa = PBXFileReference; lastKnownFileType = wrapper.framework; name = Foundation.framework; path = System/Library/Frameworks/Foundation.framework; sourceTree = SDKROOT; };
		CB2C529C182FC298009D63C1 /* CoreGraphics.framework */ = {isa = PBXFileReference; lastKnownFileType = wrapper.framework; name = CoreGraphics.framework; path = System/Library/Frameworks/CoreGraphics.framework; sourceTree = SDKROOT; };
		CB2C529E182FC298009D63C1 /* UIKit.framework */ = {isa = PBXFileReference; lastKnownFileType = wrapper.framework; name = UIKit.framework; path = System/Library/Frameworks/UIKit.framework; sourceTree = SDKROOT; };
		CB2C52A2182FC298009D63C1 /* FCOverlayViewController-Info.plist */ = {isa = PBXFileReference; lastKnownFileType = text.plist.xml; path = "FCOverlayViewController-Info.plist"; sourceTree = "<group>"; };
		CB2C52A4182FC298009D63C1 /* en */ = {isa = PBXFileReference; lastKnownFileType = text.plist.strings; name = en; path = en.lproj/InfoPlist.strings; sourceTree = "<group>"; };
		CB2C52A6182FC298009D63C1 /* main.m */ = {isa = PBXFileReference; lastKnownFileType = sourcecode.c.objc; path = main.m; sourceTree = "<group>"; };
		CB2C52A8182FC298009D63C1 /* FCOverlayViewController-Prefix.pch */ = {isa = PBXFileReference; lastKnownFileType = sourcecode.c.h; path = "FCOverlayViewController-Prefix.pch"; sourceTree = "<group>"; };
		CB2C52A9182FC298009D63C1 /* AppDelegate.h */ = {isa = PBXFileReference; lastKnownFileType = sourcecode.c.h; path = AppDelegate.h; sourceTree = "<group>"; };
		CB2C52AA182FC298009D63C1 /* AppDelegate.m */ = {isa = PBXFileReference; lastKnownFileType = sourcecode.c.objc; path = AppDelegate.m; sourceTree = "<group>"; };
		CB2C52AD182FC298009D63C1 /* Base */ = {isa = PBXFileReference; lastKnownFileType = file.storyboard; name = Base; path = Base.lproj/Main.storyboard; sourceTree = "<group>"; };
		CB2C52B2182FC298009D63C1 /* Images.xcassets */ = {isa = PBXFileReference; lastKnownFileType = folder.assetcatalog; path = Images.xcassets; sourceTree = "<group>"; };
		CB2C52B8182FC298009D63C1 /* FCOverlayViewControllerTests.xctest */ = {isa = PBXFileReference; explicitFileType = wrapper.cfbundle; includeInIndex = 0; path = FCOverlayViewControllerTests.xctest; sourceTree = BUILT_PRODUCTS_DIR; };
		CB2C52B9182FC298009D63C1 /* XCTest.framework */ = {isa = PBXFileReference; lastKnownFileType = wrapper.framework; name = XCTest.framework; path = Library/Frameworks/XCTest.framework; sourceTree = DEVELOPER_DIR; };
		CB2C52C1182FC298009D63C1 /* FCOverlayViewControllerTests-Info.plist */ = {isa = PBXFileReference; lastKnownFileType = text.plist.xml; path = "FCOverlayViewControllerTests-Info.plist"; sourceTree = "<group>"; };
		CB2C52C3182FC298009D63C1 /* en */ = {isa = PBXFileReference; lastKnownFileType = text.plist.strings; name = en; path = en.lproj/InfoPlist.strings; sourceTree = "<group>"; };
		CB2C52C5182FC298009D63C1 /* FCOverlayViewControllerTests.m */ = {isa = PBXFileReference; lastKnownFileType = sourcecode.c.objc; path = FCOverlayViewControllerTests.m; sourceTree = "<group>"; };
		CB2C52D2182FC386009D63C1 /* ExampleViewController.h */ = {isa = PBXFileReference; fileEncoding = 4; lastKnownFileType = sourcecode.c.h; path = ExampleViewController.h; sourceTree = "<group>"; };
		CB2C52D3182FC386009D63C1 /* ExampleViewController.m */ = {isa = PBXFileReference; fileEncoding = 4; lastKnownFileType = sourcecode.c.objc; path = ExampleViewController.m; sourceTree = "<group>"; };
		CB2C52D5182FC45B009D63C1 /* BaseViewController.h */ = {isa = PBXFileReference; fileEncoding = 4; lastKnownFileType = sourcecode.c.h; path = BaseViewController.h; sourceTree = "<group>"; };
		CB2C52D6182FC45B009D63C1 /* BaseViewController.m */ = {isa = PBXFileReference; fileEncoding = 4; lastKnownFileType = sourcecode.c.objc; path = BaseViewController.m; sourceTree = "<group>"; };
		CB3CC79C184FEC0A00C6CAF2 /* FCOverlay.h */ = {isa = PBXFileReference; fileEncoding = 4; lastKnownFileType = sourcecode.c.h; path = FCOverlay.h; sourceTree = "<group>"; };
		CB3CC79D184FEC0A00C6CAF2 /* FCOverlay.m */ = {isa = PBXFileReference; fileEncoding = 4; lastKnownFileType = sourcecode.c.objc; path = FCOverlay.m; sourceTree = "<group>"; };
		CB67DEFD184FDB8600512CC8 /* FCOverlayViewController.h */ = {isa = PBXFileReference; fileEncoding = 4; lastKnownFileType = sourcecode.c.h; path = FCOverlayViewController.h; sourceTree = "<group>"; };
		CB67DEFE184FDB8600512CC8 /* FCOverlayViewController.m */ = {isa = PBXFileReference; fileEncoding = 4; lastKnownFileType = sourcecode.c.objc; path = FCOverlayViewController.m; sourceTree = "<group>"; };
		CB80D72119DB0CCB00C9F3A0 /* TestTextInputViewController.h */ = {isa = PBXFileReference; fileEncoding = 4; lastKnownFileType = sourcecode.c.h; path = TestTextInputViewController.h; sourceTree = "<group>"; };
		CB80D72219DB0CCB00C9F3A0 /* TestTextInputViewController.m */ = {isa = PBXFileReference; fileEncoding = 4; lastKnownFileType = sourcecode.c.objc; path = TestTextInputViewController.m; sourceTree = "<group>"; };
		CBBB29231858ACDD00AAF200 /* todo */ = {isa = PBXFileReference; fileEncoding = 4; lastKnownFileType = text; path = todo; sourceTree = "<group>"; };
		CBBB29251858B16200AAF200 /* ExampleTransitioningDelegate.h */ = {isa = PBXFileReference; fileEncoding = 4; lastKnownFileType = sourcecode.c.h; path = ExampleTransitioningDelegate.h; sourceTree = "<group>"; };
		CBBB29261858B16200AAF200 /* ExampleTransitioningDelegate.m */ = {isa = PBXFileReference; fileEncoding = 4; lastKnownFileType = sourcecode.c.objc; path = ExampleTransitioningDelegate.m; sourceTree = "<group>"; };
		CBBB29281858B1CD00AAF200 /* ExampleTransitioning.h */ = {isa = PBXFileReference; fileEncoding = 4; lastKnownFileType = sourcecode.c.h; path = ExampleTransitioning.h; sourceTree = "<group>"; };
		CBBB29291858B1CD00AAF200 /* ExampleTransitioning.m */ = {isa = PBXFileReference; fileEncoding = 4; lastKnownFileType = sourcecode.c.objc; path = ExampleTransitioning.m; sourceTree = "<group>"; };
/* End PBXFileReference section */

/* Begin PBXFrameworksBuildPhase section */
		CB2C5294182FC298009D63C1 /* Frameworks */ = {
			isa = PBXFrameworksBuildPhase;
			buildActionMask = 2147483647;
			files = (
				CB2A983418579522009485CA /* QuartzCore.framework in Frameworks */,
				CB2C529D182FC298009D63C1 /* CoreGraphics.framework in Frameworks */,
				CB2C529F182FC298009D63C1 /* UIKit.framework in Frameworks */,
				CB2C529B182FC298009D63C1 /* Foundation.framework in Frameworks */,
			);
			runOnlyForDeploymentPostprocessing = 0;
		};
		CB2C52B5182FC298009D63C1 /* Frameworks */ = {
			isa = PBXFrameworksBuildPhase;
			buildActionMask = 2147483647;
			files = (
				CB2C52BA182FC298009D63C1 /* XCTest.framework in Frameworks */,
				CB2C52BC182FC298009D63C1 /* UIKit.framework in Frameworks */,
				CB2C52BB182FC298009D63C1 /* Foundation.framework in Frameworks */,
			);
			runOnlyForDeploymentPostprocessing = 0;
		};
/* End PBXFrameworksBuildPhase section */

/* Begin PBXGroup section */
		CB2C528E182FC297009D63C1 = {
			isa = PBXGroup;
			children = (
				CB2C52A0182FC298009D63C1 /* FCOverlayViewController */,
				CB2C52BF182FC298009D63C1 /* FCOverlayViewControllerTests */,
				CB2C5299182FC298009D63C1 /* Frameworks */,
				CB2C5298182FC298009D63C1 /* Products */,
			);
			sourceTree = "<group>";
		};
		CB2C5298182FC298009D63C1 /* Products */ = {
			isa = PBXGroup;
			children = (
				CB2C5297182FC298009D63C1 /* FCOverlayViewController.app */,
				CB2C52B8182FC298009D63C1 /* FCOverlayViewControllerTests.xctest */,
			);
			name = Products;
			sourceTree = "<group>";
		};
		CB2C5299182FC298009D63C1 /* Frameworks */ = {
			isa = PBXGroup;
			children = (
				CB2A983318579522009485CA /* QuartzCore.framework */,
				CB2C529A182FC298009D63C1 /* Foundation.framework */,
				CB2C529C182FC298009D63C1 /* CoreGraphics.framework */,
				CB2C529E182FC298009D63C1 /* UIKit.framework */,
				CB2C52B9182FC298009D63C1 /* XCTest.framework */,
			);
			name = Frameworks;
			sourceTree = "<group>";
		};
		CB2C52A0182FC298009D63C1 /* FCOverlayViewController */ = {
			isa = PBXGroup;
			children = (
				CB67DEFC184FDB6200512CC8 /* FCOverlayViewControllerClass */,
				CB2C52D2182FC386009D63C1 /* ExampleViewController.h */,
				CB2C52D3182FC386009D63C1 /* ExampleViewController.m */,
				CB2A9830185793C8009485CA /* AlertViewController.h */,
				CB2A9831185793C8009485CA /* AlertViewController.m */,
				CBBB29251858B16200AAF200 /* ExampleTransitioningDelegate.h */,
				CBBB29261858B16200AAF200 /* ExampleTransitioningDelegate.m */,
				CBBB29281858B1CD00AAF200 /* ExampleTransitioning.h */,
				CBBB29291858B1CD00AAF200 /* ExampleTransitioning.m */,
				CB2C52D5182FC45B009D63C1 /* BaseViewController.h */,
				CB2C52D6182FC45B009D63C1 /* BaseViewController.m */,
				CB80D72119DB0CCB00C9F3A0 /* TestTextInputViewController.h */,
				CB80D72219DB0CCB00C9F3A0 /* TestTextInputViewController.m */,
				CB2C52A9182FC298009D63C1 /* AppDelegate.h */,
				CB2C52AA182FC298009D63C1 /* AppDelegate.m */,
				CB2C52AC182FC298009D63C1 /* Main.storyboard */,
				CB2C52B2182FC298009D63C1 /* Images.xcassets */,
				CB2C52A1182FC298009D63C1 /* Supporting Files */,
			);
			path = FCOverlayViewController;
			sourceTree = "<group>";
		};
		CB2C52A1182FC298009D63C1 /* Supporting Files */ = {
			isa = PBXGroup;
			children = (
				CB16B7421868BB0C00CBC4F6 /* cat2@2x.png */,
				CB16B7431868BB0C00CBC4F6 /* cat2.png */,
				CB16B73E1868B8A300CBC4F6 /* cat.png */,
				CB16B73F1868B8A300CBC4F6 /* cat@2x.png */,
				CB2C52A2182FC298009D63C1 /* FCOverlayViewController-Info.plist */,
				CB2C52A3182FC298009D63C1 /* InfoPlist.strings */,
				CB2C52A6182FC298009D63C1 /* main.m */,
				CB2C52A8182FC298009D63C1 /* FCOverlayViewController-Prefix.pch */,
				CBBB29231858ACDD00AAF200 /* todo */,
			);
			name = "Supporting Files";
			sourceTree = "<group>";
		};
		CB2C52BF182FC298009D63C1 /* FCOverlayViewControllerTests */ = {
			isa = PBXGroup;
			children = (
				CB2C52C5182FC298009D63C1 /* FCOverlayViewControllerTests.m */,
				CB2C52C0182FC298009D63C1 /* Supporting Files */,
			);
			path = FCOverlayViewControllerTests;
			sourceTree = "<group>";
		};
		CB2C52C0182FC298009D63C1 /* Supporting Files */ = {
			isa = PBXGroup;
			children = (
				CB2C52C1182FC298009D63C1 /* FCOverlayViewControllerTests-Info.plist */,
				CB2C52C2182FC298009D63C1 /* InfoPlist.strings */,
			);
			name = "Supporting Files";
			sourceTree = "<group>";
		};
		CB67DEFC184FDB6200512CC8 /* FCOverlayViewControllerClass */ = {
			isa = PBXGroup;
			children = (
				CB67DEFD184FDB8600512CC8 /* FCOverlayViewController.h */,
				CB67DEFE184FDB8600512CC8 /* FCOverlayViewController.m */,
				CB3CC79C184FEC0A00C6CAF2 /* FCOverlay.h */,
				CB3CC79D184FEC0A00C6CAF2 /* FCOverlay.m */,
			);
			name = FCOverlayViewControllerClass;
			path = ../FCOverlayViewControllerClass;
			sourceTree = "<group>";
		};
/* End PBXGroup section */

/* Begin PBXNativeTarget section */
		CB2C5296182FC298009D63C1 /* FCOverlayViewController */ = {
			isa = PBXNativeTarget;
			buildConfigurationList = CB2C52C9182FC298009D63C1 /* Build configuration list for PBXNativeTarget "FCOverlayViewController" */;
			buildPhases = (
				CB2C5293182FC298009D63C1 /* Sources */,
				CB2C5294182FC298009D63C1 /* Frameworks */,
				CB2C5295182FC298009D63C1 /* Resources */,
			);
			buildRules = (
			);
			dependencies = (
			);
			name = FCOverlayViewController;
			productName = FCOverlayViewController;
			productReference = CB2C5297182FC298009D63C1 /* FCOverlayViewController.app */;
			productType = "com.apple.product-type.application";
		};
		CB2C52B7182FC298009D63C1 /* FCOverlayViewControllerTests */ = {
			isa = PBXNativeTarget;
			buildConfigurationList = CB2C52CC182FC298009D63C1 /* Build configuration list for PBXNativeTarget "FCOverlayViewControllerTests" */;
			buildPhases = (
				CB2C52B4182FC298009D63C1 /* Sources */,
				CB2C52B5182FC298009D63C1 /* Frameworks */,
				CB2C52B6182FC298009D63C1 /* Resources */,
			);
			buildRules = (
			);
			dependencies = (
				CB2C52BE182FC298009D63C1 /* PBXTargetDependency */,
			);
			name = FCOverlayViewControllerTests;
			productName = FCOverlayViewControllerTests;
			productReference = CB2C52B8182FC298009D63C1 /* FCOverlayViewControllerTests.xctest */;
			productType = "com.apple.product-type.bundle.unit-test";
		};
/* End PBXNativeTarget section */

/* Begin PBXProject section */
		CB2C528F182FC297009D63C1 /* Project object */ = {
			isa = PBXProject;
			attributes = {
				LastUpgradeCheck = 0510;
				ORGANIZATIONNAME = Farcoding;
				TargetAttributes = {
					CB2C52B7182FC298009D63C1 = {
						TestTargetID = CB2C5296182FC298009D63C1;
					};
				};
			};
			buildConfigurationList = CB2C5292182FC297009D63C1 /* Build configuration list for PBXProject "FCOverlayViewController" */;
			compatibilityVersion = "Xcode 3.2";
			developmentRegion = English;
			hasScannedForEncodings = 0;
			knownRegions = (
				en,
				Base,
			);
			mainGroup = CB2C528E182FC297009D63C1;
			productRefGroup = CB2C5298182FC298009D63C1 /* Products */;
			projectDirPath = "";
			projectRoot = "";
			targets = (
				CB2C5296182FC298009D63C1 /* FCOverlayViewController */,
				CB2C52B7182FC298009D63C1 /* FCOverlayViewControllerTests */,
			);
		};
/* End PBXProject section */

/* Begin PBXResourcesBuildPhase section */
		CB2C5295182FC298009D63C1 /* Resources */ = {
			isa = PBXResourcesBuildPhase;
			buildActionMask = 2147483647;
			files = (
				CB16B7441868BB0C00CBC4F6 /* cat2@2x.png in Resources */,
				CB16B7451868BB0C00CBC4F6 /* cat2.png in Resources */,
				CB2C52B3182FC298009D63C1 /* Images.xcassets in Resources */,
				CB2C52A5182FC298009D63C1 /* InfoPlist.strings in Resources */,
				CBBB29241858ACDD00AAF200 /* todo in Resources */,
				CB2C52AE182FC298009D63C1 /* Main.storyboard in Resources */,
				CB16B7401868B8A300CBC4F6 /* cat.png in Resources */,
				CB16B7411868B8A300CBC4F6 /* cat@2x.png in Resources */,
			);
			runOnlyForDeploymentPostprocessing = 0;
		};
		CB2C52B6182FC298009D63C1 /* Resources */ = {
			isa = PBXResourcesBuildPhase;
			buildActionMask = 2147483647;
			files = (
				CB2C52C4182FC298009D63C1 /* InfoPlist.strings in Resources */,
			);
			runOnlyForDeploymentPostprocessing = 0;
		};
/* End PBXResourcesBuildPhase section */

/* Begin PBXSourcesBuildPhase section */
		CB2C5293182FC298009D63C1 /* Sources */ = {
			isa = PBXSourcesBuildPhase;
			buildActionMask = 2147483647;
			files = (
				CBBB292A1858B1CD00AAF200 /* ExampleTransitioning.m in Sources */,
				CB2C52D4182FC386009D63C1 /* ExampleViewController.m in Sources */,
				CBBB29271858B16200AAF200 /* ExampleTransitioningDelegate.m in Sources */,
				CB67DEFF184FDB8600512CC8 /* FCOverlayViewController.m in Sources */,
				CB2A9832185793C8009485CA /* AlertViewController.m in Sources */,
				CB2C52D7182FC45B009D63C1 /* BaseViewController.m in Sources */,
				CB80D72319DB0CCB00C9F3A0 /* TestTextInputViewController.m in Sources */,
				CB2C52AB182FC298009D63C1 /* AppDelegate.m in Sources */,
				CB2C52A7182FC298009D63C1 /* main.m in Sources */,
				CB3CC79E184FEC0A00C6CAF2 /* FCOverlay.m in Sources */,
			);
			runOnlyForDeploymentPostprocessing = 0;
		};
		CB2C52B4182FC298009D63C1 /* Sources */ = {
			isa = PBXSourcesBuildPhase;
			buildActionMask = 2147483647;
			files = (
				CB2C52C6182FC298009D63C1 /* FCOverlayViewControllerTests.m in Sources */,
			);
			runOnlyForDeploymentPostprocessing = 0;
		};
/* End PBXSourcesBuildPhase section */

/* Begin PBXTargetDependency section */
		CB2C52BE182FC298009D63C1 /* PBXTargetDependency */ = {
			isa = PBXTargetDependency;
			target = CB2C5296182FC298009D63C1 /* FCOverlayViewController */;
			targetProxy = CB2C52BD182FC298009D63C1 /* PBXContainerItemProxy */;
		};
/* End PBXTargetDependency section */

/* Begin PBXVariantGroup section */
		CB2C52A3182FC298009D63C1 /* InfoPlist.strings */ = {
			isa = PBXVariantGroup;
			children = (
				CB2C52A4182FC298009D63C1 /* en */,
			);
			name = InfoPlist.strings;
			sourceTree = "<group>";
		};
		CB2C52AC182FC298009D63C1 /* Main.storyboard */ = {
			isa = PBXVariantGroup;
			children = (
				CB2C52AD182FC298009D63C1 /* Base */,
			);
			name = Main.storyboard;
			sourceTree = "<group>";
		};
		CB2C52C2182FC298009D63C1 /* InfoPlist.strings */ = {
			isa = PBXVariantGroup;
			children = (
				CB2C52C3182FC298009D63C1 /* en */,
			);
			name = InfoPlist.strings;
			sourceTree = "<group>";
		};
/* End PBXVariantGroup section */

/* Begin XCBuildConfiguration section */
		CB2C52C7182FC298009D63C1 /* Debug */ = {
			isa = XCBuildConfiguration;
			buildSettings = {
				ALWAYS_SEARCH_USER_PATHS = NO;
				CLANG_CXX_LANGUAGE_STANDARD = "gnu++0x";
				CLANG_CXX_LIBRARY = "libc++";
				CLANG_ENABLE_MODULES = YES;
				CLANG_ENABLE_OBJC_ARC = YES;
				CLANG_WARN_BOOL_CONVERSION = YES;
				CLANG_WARN_CONSTANT_CONVERSION = YES;
				CLANG_WARN_DIRECT_OBJC_ISA_USAGE = YES_ERROR;
				CLANG_WARN_EMPTY_BODY = YES;
				CLANG_WARN_ENUM_CONVERSION = YES;
				CLANG_WARN_INT_CONVERSION = YES;
				CLANG_WARN_OBJC_ROOT_CLASS = YES_ERROR;
				CLANG_WARN__DUPLICATE_METHOD_MATCH = YES;
				"CODE_SIGN_IDENTITY[sdk=iphoneos*]" = "iPhone Developer";
				COPY_PHASE_STRIP = NO;
				GCC_C_LANGUAGE_STANDARD = gnu99;
				GCC_DYNAMIC_NO_PIC = NO;
				GCC_OPTIMIZATION_LEVEL = 0;
				GCC_PREPROCESSOR_DEFINITIONS = (
					"DEBUG=1",
					"$(inherited)",
				);
				GCC_SYMBOLS_PRIVATE_EXTERN = NO;
				GCC_WARN_64_TO_32_BIT_CONVERSION = YES;
				GCC_WARN_ABOUT_RETURN_TYPE = YES_ERROR;
				GCC_WARN_UNDECLARED_SELECTOR = YES;
				GCC_WARN_UNINITIALIZED_AUTOS = YES;
				GCC_WARN_UNUSED_FUNCTION = YES;
				GCC_WARN_UNUSED_VARIABLE = YES;
				IPHONEOS_DEPLOYMENT_TARGET = 7.0;
				ONLY_ACTIVE_ARCH = YES;
				SDKROOT = iphoneos;
			};
			name = Debug;
		};
		CB2C52C8182FC298009D63C1 /* Release */ = {
			isa = XCBuildConfiguration;
			buildSettings = {
				ALWAYS_SEARCH_USER_PATHS = NO;
				CLANG_CXX_LANGUAGE_STANDARD = "gnu++0x";
				CLANG_CXX_LIBRARY = "libc++";
				CLANG_ENABLE_MODULES = YES;
				CLANG_ENABLE_OBJC_ARC = YES;
				CLANG_WARN_BOOL_CONVERSION = YES;
				CLANG_WARN_CONSTANT_CONVERSION = YES;
				CLANG_WARN_DIRECT_OBJC_ISA_USAGE = YES_ERROR;
				CLANG_WARN_EMPTY_BODY = YES;
				CLANG_WARN_ENUM_CONVERSION = YES;
				CLANG_WARN_INT_CONVERSION = YES;
				CLANG_WARN_OBJC_ROOT_CLASS = YES_ERROR;
				CLANG_WARN__DUPLICATE_METHOD_MATCH = YES;
				"CODE_SIGN_IDENTITY[sdk=iphoneos*]" = "iPhone Developer";
				COPY_PHASE_STRIP = YES;
				ENABLE_NS_ASSERTIONS = NO;
				GCC_C_LANGUAGE_STANDARD = gnu99;
				GCC_WARN_64_TO_32_BIT_CONVERSION = YES;
				GCC_WARN_ABOUT_RETURN_TYPE = YES_ERROR;
				GCC_WARN_UNDECLARED_SELECTOR = YES;
				GCC_WARN_UNINITIALIZED_AUTOS = YES;
				GCC_WARN_UNUSED_FUNCTION = YES;
				GCC_WARN_UNUSED_VARIABLE = YES;
				IPHONEOS_DEPLOYMENT_TARGET = 7.0;
				SDKROOT = iphoneos;
				VALIDATE_PRODUCT = YES;
			};
			name = Release;
		};
		CB2C52CA182FC298009D63C1 /* Debug */ = {
			isa = XCBuildConfiguration;
			buildSettings = {
				ASSETCATALOG_COMPILER_APPICON_NAME = AppIcon;
				ASSETCATALOG_COMPILER_LAUNCHIMAGE_NAME = LaunchImage;
				GCC_PRECOMPILE_PREFIX_HEADER = YES;
				GCC_PREFIX_HEADER = "FCOverlayViewController/FCOverlayViewController-Prefix.pch";
				INFOPLIST_FILE = "FCOverlayViewController/FCOverlayViewController-Info.plist";
				PRODUCT_NAME = "$(TARGET_NAME)";
				WRAPPER_EXTENSION = app;
			};
			name = Debug;
		};
		CB2C52CB182FC298009D63C1 /* Release */ = {
			isa = XCBuildConfiguration;
			buildSettings = {
				ASSETCATALOG_COMPILER_APPICON_NAME = AppIcon;
				ASSETCATALOG_COMPILER_LAUNCHIMAGE_NAME = LaunchImage;
				GCC_PRECOMPILE_PREFIX_HEADER = YES;
				GCC_PREFIX_HEADER = "FCOverlayViewController/FCOverlayViewController-Prefix.pch";
				INFOPLIST_FILE = "FCOverlayViewController/FCOverlayViewController-Info.plist";
				PRODUCT_NAME = "$(TARGET_NAME)";
				WRAPPER_EXTENSION = app;
			};
			name = Release;
		};
		CB2C52CD182FC298009D63C1 /* Debug */ = {
			isa = XCBuildConfiguration;
			buildSettings = {
				BUNDLE_LOADER = "$(BUILT_PRODUCTS_DIR)/FCOverlayViewController.app/FCOverlayViewController";
				FRAMEWORK_SEARCH_PATHS = (
					"$(SDKROOT)/Developer/Library/Frameworks",
					"$(inherited)",
					"$(DEVELOPER_FRAMEWORKS_DIR)",
				);
				GCC_PRECOMPILE_PREFIX_HEADER = YES;
				GCC_PREFIX_HEADER = "FCOverlayViewController/FCOverlayViewController-Prefix.pch";
				GCC_PREPROCESSOR_DEFINITIONS = (
					"DEBUG=1",
					"$(inherited)",
				);
				INFOPLIST_FILE = "FCOverlayViewControllerTests/FCOverlayViewControllerTests-Info.plist";
				PRODUCT_NAME = "$(TARGET_NAME)";
				TEST_HOST = "$(BUNDLE_LOADER)";
				WRAPPER_EXTENSION = xctest;
			};
			name = Debug;
		};
		CB2C52CE182FC298009D63C1 /* Release */ = {
			isa = XCBuildConfiguration;
			buildSettings = {
				BUNDLE_LOADER = "$(BUILT_PRODUCTS_DIR)/FCOverlayViewController.app/FCOverlayViewController";
				FRAMEWORK_SEARCH_PATHS = (
					"$(SDKROOT)/Developer/Library/Frameworks",
					"$(inherited)",
					"$(DEVELOPER_FRAMEWORKS_DIR)",
				);
				GCC_PRECOMPILE_PREFIX_HEADER = YES;
				GCC_PREFIX_HEADER = "FCOverlayViewController/FCOverlayViewController-Prefix.pch";
				INFOPLIST_FILE = "FCOverlayViewControllerTests/FCOverlayViewControllerTests-Info.plist";
				PRODUCT_NAME = "$(TARGET_NAME)";
				TEST_HOST = "$(BUNDLE_LOADER)";
				WRAPPER_EXTENSION = xctest;
			};
			name = Release;
		};
/* End XCBuildConfiguration section */

/* Begin XCConfigurationList section */
		CB2C5292182FC297009D63C1 /* Build configuration list for PBXProject "FCOverlayViewController" */ = {
			isa = XCConfigurationList;
			buildConfigurations = (
				CB2C52C7182FC298009D63C1 /* Debug */,
				CB2C52C8182FC298009D63C1 /* Release */,
			);
			defaultConfigurationIsVisible = 0;
			defaultConfigurationName = Release;
		};
		CB2C52C9182FC298009D63C1 /* Build configuration list for PBXNativeTarget "FCOverlayViewController" */ = {
			isa = XCConfigurationList;
			buildConfigurations = (
				CB2C52CA182FC298009D63C1 /* Debug */,
				CB2C52CB182FC298009D63C1 /* Release */,
			);
			defaultConfigurationIsVisible = 0;
			defaultConfigurationName = Release;
		};
		CB2C52CC182FC298009D63C1 /* Build configuration list for PBXNativeTarget "FCOverlayViewControllerTests" */ = {
			isa = XCConfigurationList;
			buildConfigurations = (
				CB2C52CD182FC298009D63C1 /* Debug */,
				CB2C52CE182FC298009D63C1 /* Release */,
			);
			defaultConfigurationIsVisible = 0;
			defaultConfigurationName = Release;
		};
/* End XCConfigurationList section */
	};
	rootObject = CB2C528F182FC297009D63C1 /* Project object */;
}
